// !$*UTF8*$!
{
	archiveVersion = 1;
	classes = {
	};
	objectVersion = 46;
	objects = {

/* Begin PBXBuildFile section */
		381AE7111AF1C91700648E6F /* AppDelegate.swift in Sources */ = {isa = PBXBuildFile; fileRef = 381AE7101AF1C91700648E6F /* AppDelegate.swift */; };
		381AE7131AF1C91700648E6F /* ViewController.swift in Sources */ = {isa = PBXBuildFile; fileRef = 381AE7121AF1C91700648E6F /* ViewController.swift */; };
		381AE7161AF1C91700648E6F /* Main.storyboard in Resources */ = {isa = PBXBuildFile; fileRef = 381AE7141AF1C91700648E6F /* Main.storyboard */; };
		381AE7181AF1C91700648E6F /* Images.xcassets in Resources */ = {isa = PBXBuildFile; fileRef = 381AE7171AF1C91700648E6F /* Images.xcassets */; };
		381AE71B1AF1C91700648E6F /* LaunchScreen.xib in Resources */ = {isa = PBXBuildFile; fileRef = 381AE7191AF1C91700648E6F /* LaunchScreen.xib */; };
		381AE7271AF1C91700648E6F /* TipCalculatorTests.swift in Sources */ = {isa = PBXBuildFile; fileRef = 381AE7261AF1C91700648E6F /* TipCalculatorTests.swift */; };
		381AE7371AF7B7C700648E6F /* TipCalculatorModel.swift in Sources */ = {isa = PBXBuildFile; fileRef = 381AE7361AF7B7C700648E6F /* TipCalculatorModel.swift */; };
/* End PBXBuildFile section */

/* Begin PBXContainerItemProxy section */
		381AE7211AF1C91700648E6F /* PBXContainerItemProxy */ = {
			isa = PBXContainerItemProxy;
			containerPortal = 381AE7031AF1C91700648E6F /* Project object */;
			proxyType = 1;
			remoteGlobalIDString = 381AE70A1AF1C91700648E6F;
			remoteInfo = TipCalculator;
		};
/* End PBXContainerItemProxy section */

/* Begin PBXFileReference section */
		381AE70B1AF1C91700648E6F /* TipCalculator.app */ = {isa = PBXFileReference; explicitFileType = wrapper.application; includeInIndex = 0; path = TipCalculator.app; sourceTree = BUILT_PRODUCTS_DIR; };
		381AE70F1AF1C91700648E6F /* Info.plist */ = {isa = PBXFileReference; lastKnownFileType = text.plist.xml; path = Info.plist; sourceTree = "<group>"; };
		381AE7101AF1C91700648E6F /* AppDelegate.swift */ = {isa = PBXFileReference; lastKnownFileType = sourcecode.swift; path = AppDelegate.swift; sourceTree = "<group>"; };
		381AE7121AF1C91700648E6F /* ViewController.swift */ = {isa = PBXFileReference; lastKnownFileType = sourcecode.swift; path = ViewController.swift; sourceTree = "<group>"; };
		381AE7151AF1C91700648E6F /* Base */ = {isa = PBXFileReference; lastKnownFileType = file.storyboard; name = Base; path = Base.lproj/Main.storyboard; sourceTree = "<group>"; };
		381AE7171AF1C91700648E6F /* Images.xcassets */ = {isa = PBXFileReference; lastKnownFileType = folder.assetcatalog; path = Images.xcassets; sourceTree = "<group>"; };
		381AE71A1AF1C91700648E6F /* Base */ = {isa = PBXFileReference; lastKnownFileType = file.xib; name = Base; path = Base.lproj/LaunchScreen.xib; sourceTree = "<group>"; };
		381AE7201AF1C91700648E6F /* TipCalculatorTests.xctest */ = {isa = PBXFileReference; explicitFileType = wrapper.cfbundle; includeInIndex = 0; path = TipCalculatorTests.xctest; sourceTree = BUILT_PRODUCTS_DIR; };
		381AE7251AF1C91700648E6F /* Info.plist */ = {isa = PBXFileReference; lastKnownFileType = text.plist.xml; path = Info.plist; sourceTree = "<group>"; };
		381AE7261AF1C91700648E6F /* TipCalculatorTests.swift */ = {isa = PBXFileReference; lastKnownFileType = sourcecode.swift; path = TipCalculatorTests.swift; sourceTree = "<group>"; };
		381AE7361AF7B7C700648E6F /* TipCalculatorModel.swift */ = {isa = PBXFileReference; fileEncoding = 4; lastKnownFileType = sourcecode.swift; path = TipCalculatorModel.swift; sourceTree = SOURCE_ROOT; };
/* End PBXFileReference section */

/* Begin PBXFrameworksBuildPhase section */
		381AE7081AF1C91700648E6F /* Frameworks */ = {
			isa = PBXFrameworksBuildPhase;
			buildActionMask = 2147483647;
			files = (
			);
			runOnlyForDeploymentPostprocessing = 0;
		};
		381AE71D1AF1C91700648E6F /* Frameworks */ = {
			isa = PBXFrameworksBuildPhase;
			buildActionMask = 2147483647;
			files = (
			);
			runOnlyForDeploymentPostprocessing = 0;
		};
/* End PBXFrameworksBuildPhase section */

/* Begin PBXGroup section */
		381AE7021AF1C91700648E6F = {
			isa = PBXGroup;
			children = (
				381AE70D1AF1C91700648E6F /* TipCalculator */,
				381AE7361AF7B7C700648E6F /* TipCalculatorModel.swift */,
				381AE7231AF1C91700648E6F /* TipCalculatorTests */,
				381AE70C1AF1C91700648E6F /* Products */,
			);
			sourceTree = "<group>";
		};
		381AE70C1AF1C91700648E6F /* Products */ = {
			isa = PBXGroup;
			children = (
				381AE70B1AF1C91700648E6F /* TipCalculator.app */,
				381AE7201AF1C91700648E6F /* TipCalculatorTests.xctest */,
			);
			name = Products;
			sourceTree = "<group>";
		};
		381AE70D1AF1C91700648E6F /* TipCalculator */ = {
			isa = PBXGroup;
			children = (
				381AE7101AF1C91700648E6F /* AppDelegate.swift */,
				381AE7121AF1C91700648E6F /* ViewController.swift */,
				381AE7141AF1C91700648E6F /* Main.storyboard */,
				381AE7171AF1C91700648E6F /* Images.xcassets */,
				381AE7191AF1C91700648E6F /* LaunchScreen.xib */,
				381AE70E1AF1C91700648E6F /* Supporting Files */,
			);
			path = TipCalculator;
			sourceTree = "<group>";
		};
		381AE70E1AF1C91700648E6F /* Supporting Files */ = {
			isa = PBXGroup;
			children = (
				381AE70F1AF1C91700648E6F /* Info.plist */,
			);
			name = "Supporting Files";
			sourceTree = "<group>";
		};
		381AE7231AF1C91700648E6F /* TipCalculatorTests */ = {
			isa = PBXGroup;
			children = (
				381AE7261AF1C91700648E6F /* TipCalculatorTests.swift */,
				381AE7241AF1C91700648E6F /* Supporting Files */,
			);
			path = TipCalculatorTests;
			sourceTree = "<group>";
		};
		381AE7241AF1C91700648E6F /* Supporting Files */ = {
			isa = PBXGroup;
			children = (
				381AE7251AF1C91700648E6F /* Info.plist */,
			);
			name = "Supporting Files";
			sourceTree = "<group>";
		};
/* End PBXGroup section */

/* Begin PBXNativeTarget section */
		381AE70A1AF1C91700648E6F /* TipCalculator */ = {
			isa = PBXNativeTarget;
			buildConfigurationList = 381AE72A1AF1C91700648E6F /* Build configuration list for PBXNativeTarget "TipCalculator" */;
			buildPhases = (
				381AE7071AF1C91700648E6F /* Sources */,
				381AE7081AF1C91700648E6F /* Frameworks */,
				381AE7091AF1C91700648E6F /* Resources */,
			);
			buildRules = (
			);
			dependencies = (
			);
			name = TipCalculator;
			productName = TipCalculator;
			productReference = 381AE70B1AF1C91700648E6F /* TipCalculator.app */;
			productType = "com.apple.product-type.application";
		};
		381AE71F1AF1C91700648E6F /* TipCalculatorTests */ = {
			isa = PBXNativeTarget;
			buildConfigurationList = 381AE72D1AF1C91700648E6F /* Build configuration list for PBXNativeTarget "TipCalculatorTests" */;
			buildPhases = (
				381AE71C1AF1C91700648E6F /* Sources */,
				381AE71D1AF1C91700648E6F /* Frameworks */,
				381AE71E1AF1C91700648E6F /* Resources */,
			);
			buildRules = (
			);
			dependencies = (
				381AE7221AF1C91700648E6F /* PBXTargetDependency */,
			);
			name = TipCalculatorTests;
			productName = TipCalculatorTests;
			productReference = 381AE7201AF1C91700648E6F /* TipCalculatorTests.xctest */;
			productType = "com.apple.product-type.bundle.unit-test";
		};
/* End PBXNativeTarget section */

/* Begin PBXProject section */
		381AE7031AF1C91700648E6F /* Project object */ = {
			isa = PBXProject;
			attributes = {
				LastUpgradeCheck = 0630;
				ORGANIZATIONNAME = "Jennifer Stikeleather";
				TargetAttributes = {
					381AE70A1AF1C91700648E6F = {
						CreatedOnToolsVersion = 6.3.1;
					};
					381AE71F1AF1C91700648E6F = {
						CreatedOnToolsVersion = 6.3.1;
						TestTargetID = 381AE70A1AF1C91700648E6F;
					};
				};
			};
			buildConfigurationList = 381AE7061AF1C91700648E6F /* Build configuration list for PBXProject "TipCalculator" */;
			compatibilityVersion = "Xcode 3.2";
			developmentRegion = English;
			hasScannedForEncodings = 0;
			knownRegions = (
				en,
				Base,
			);
			mainGroup = 381AE7021AF1C91700648E6F;
			productRefGroup = 381AE70C1AF1C91700648E6F /* Products */;
			projectDirPath = "";
			projectRoot = "";
			targets = (
				381AE70A1AF1C91700648E6F /* TipCalculator */,
				381AE71F1AF1C91700648E6F /* TipCalculatorTests */,
			);
		};
/* End PBXProject section */

/* Begin PBXResourcesBuildPhase section */
		381AE7091AF1C91700648E6F /* Resources */ = {
			isa = PBXResourcesBuildPhase;
			buildActionMask = 2147483647;
			files = (
				381AE7161AF1C91700648E6F /* Main.storyboard in Resources */,
				381AE71B1AF1C91700648E6F /* LaunchScreen.xib in Resources */,
				381AE7181AF1C91700648E6F /* Images.xcassets in Resources */,
			);
			runOnlyForDeploymentPostprocessing = 0;
		};
		381AE71E1AF1C91700648E6F /* Resources */ = {
			isa = PBXResourcesBuildPhase;
			buildActionMask = 2147483647;
			files = (
			);
			runOnlyForDeploymentPostprocessing = 0;
		};
/* End PBXResourcesBuildPhase section */

/* Begin PBXSourcesBuildPhase section */
		381AE7071AF1C91700648E6F /* Sources */ = {
			isa = PBXSourcesBuildPhase;
			buildActionMask = 2147483647;
			files = (
				381AE7371AF7B7C700648E6F /* TipCalculatorModel.swift in Sources */,
				381AE7131AF1C91700648E6F /* ViewController.swift in Sources */,
				381AE7111AF1C91700648E6F /* AppDelegate.swift in Sources */,
			);
			runOnlyForDeploymentPostprocessing = 0;
		};
		381AE71C1AF1C91700648E6F /* Sources */ = {
			isa = PBXSourcesBuildPhase;
			buildActionMask = 2147483647;
			files = (
				381AE7271AF1C91700648E6F /* TipCalculatorTests.swift in Sources */,
			);
			runOnlyForDeploymentPostprocessing = 0;
		};
/* End PBXSourcesBuildPhase section */

/* Begin PBXTargetDependency section */
		381AE7221AF1C91700648E6F /* PBXTargetDependency */ = {
			isa = PBXTargetDependency;
			target = 381AE70A1AF1C91700648E6F /* TipCalculator */;
			targetProxy = 381AE7211AF1C91700648E6F /* PBXContainerItemProxy */;
		};
/* End PBXTargetDependency section */

/* Begin PBXVariantGroup section */
		381AE7141AF1C91700648E6F /* Main.storyboard */ = {
			isa = PBXVariantGroup;
			children = (
				381AE7151AF1C91700648E6F /* Base */,
			);
			name = Main.storyboard;
			sourceTree = "<group>";
		};
		381AE7191AF1C91700648E6F /* LaunchScreen.xib */ = {
			isa = PBXVariantGroup;
			children = (
				381AE71A1AF1C91700648E6F /* Base */,
			);
			name = LaunchScreen.xib;
			sourceTree = "<group>";
		};
/* End PBXVariantGroup section */

/* Begin XCBuildConfiguration section */
		381AE7281AF1C91700648E6F /* Debug */ = {
			isa = XCBuildConfiguration;
			buildSettings = {
				ALWAYS_SEARCH_USER_PATHS = NO;
				CLANG_CXX_LANGUAGE_STANDARD = "gnu++0x";
				CLANG_CXX_LIBRARY = "libc++";
				CLANG_ENABLE_MODULES = YES;
				CLANG_ENABLE_OBJC_ARC = YES;
				CLANG_WARN_BOOL_CONVERSION = YES;
				CLANG_WARN_CONSTANT_CONVERSION = YES;
				CLANG_WARN_DIRECT_OBJC_ISA_USAGE = YES_ERROR;
				CLANG_WARN_EMPTY_BODY = YES;
				CLANG_WARN_ENUM_CONVERSION = YES;
				CLANG_WARN_INT_CONVERSION = YES;
				CLANG_WARN_OBJC_ROOT_CLASS = YES_ERROR;
				CLANG_WARN_UNREACHABLE_CODE = YES;
				CLANG_WARN__DUPLICATE_METHOD_MATCH = YES;
				"CODE_SIGN_IDENTITY[sdk=iphoneos*]" = "iPhone Developer";
				COPY_PHASE_STRIP = NO;
				DEBUG_INFORMATION_FORMAT = "dwarf-with-dsym";
				ENABLE_STRICT_OBJC_MSGSEND = YES;
				GCC_C_LANGUAGE_STANDARD = gnu99;
				GCC_DYNAMIC_NO_PIC = NO;
				GCC_NO_COMMON_BLOCKS = YES;
				GCC_OPTIMIZATION_LEVEL = 0;
				GCC_PREPROCESSOR_DEFINITIONS = (
					"DEBUG=1",
					"$(inherited)",
				);
				GCC_SYMBOLS_PRIVATE_EXTERN = NO;
				GCC_WARN_64_TO_32_BIT_CONVERSION = YES;
				GCC_WARN_ABOUT_RETURN_TYPE = YES_ERROR;
				GCC_WARN_UNDECLARED_SELECTOR = YES;
				GCC_WARN_UNINITIALIZED_AUTOS = YES_AGGRESSIVE;
				GCC_WARN_UNUSED_FUNCTION = YES;
				GCC_WARN_UNUSED_VARIABLE = YES;
				IPHONEOS_DEPLOYMENT_TARGET = 8.3;
				MTL_ENABLE_DEBUG_INFO = YES;
				ONLY_ACTIVE_ARCH = YES;
				SDKROOT = iphoneos;
				SWIFT_OPTIMIZATION_LEVEL = "-Onone";
			};
			name = Debug;
		};
		381AE7291AF1C91700648E6F /* Release */ = {
			isa = XCBuildConfiguration;
			buildSettings = {
				ALWAYS_SEARCH_USER_PATHS = NO;
				CLANG_CXX_LANGUAGE_STANDARD = "gnu++0x";
				CLANG_CXX_LIBRARY = "libc++";
				CLANG_ENABLE_MODULES = YES;
				CLANG_ENABLE_OBJC_ARC = YES;
				CLANG_WARN_BOOL_CONVERSION = YES;
				CLANG_WARN_CONSTANT_CONVERSION = YES;
				CLANG_WARN_DIRECT_OBJC_ISA_USAGE = YES_ERROR;
				CLANG_WARN_EMPTY_BODY = YES;
				CLANG_WARN_ENUM_CONVERSION = YES;
				CLANG_WARN_INT_CONVERSION = YES;
				CLANG_WARN_OBJC_ROOT_CLASS = YES_ERROR;
				CLANG_WARN_UNREACHABLE_CODE = YES;
				CLANG_WARN__DUPLICATE_METHOD_MATCH = YES;
				"CODE_SIGN_IDENTITY[sdk=iphoneos*]" = "iPhone Developer";
				COPY_PHASE_STRIP = NO;
				DEBUG_INFORMATION_FORMAT = "dwarf-with-dsym";
				ENABLE_NS_ASSERTIONS = NO;
				ENABLE_STRICT_OBJC_MSGSEND = YES;
				GCC_C_LANGUAGE_STANDARD = gnu99;
				GCC_NO_COMMON_BLOCKS = YES;
				GCC_WARN_64_TO_32_BIT_CONVERSION = YES;
				GCC_WARN_ABOUT_RETURN_TYPE = YES_ERROR;
				GCC_WARN_UNDECLARED_SELECTOR = YES;
				GCC_WARN_UNINITIALIZED_AUTOS = YES_AGGRESSIVE;
				GCC_WARN_UNUSED_FUNCTION = YES;
				GCC_WARN_UNUSED_VARIABLE = YES;
				IPHONEOS_DEPLOYMENT_TARGET = 8.3;
				MTL_ENABLE_DEBUG_INFO = NO;
				SDKROOT = iphoneos;
				VALIDATE_PRODUCT = YES;
			};
			name = Release;
		};
		381AE72B1AF1C91700648E6F /* Debug */ = {
			isa = XCBuildConfiguration;
			buildSettings = {
				ASSETCATALOG_COMPILER_APPICON_NAME = AppIcon;
				INFOPLIST_FILE = TipCalculator/Info.plist;
				LD_RUNPATH_SEARCH_PATHS = "$(inherited) @executable_path/Frameworks";
				PRODUCT_NAME = "$(TARGET_NAME)";
			};
			name = Debug;
		};
		381AE72C1AF1C91700648E6F /* Release */ = {
			isa = XCBuildConfiguration;
			buildSettings = {
				ASSETCATALOG_COMPILER_APPICON_NAME = AppIcon;
				INFOPLIST_FILE = TipCalculator/Info.plist;
				LD_RUNPATH_SEARCH_PATHS = "$(inherited) @executable_path/Frameworks";
				PRODUCT_NAME = "$(TARGET_NAME)";
			};
			name = Release;
		};
		381AE72E1AF1C91700648E6F /* Debug */ = {
			isa = XCBuildConfiguration;
			buildSettings = {
				BUNDLE_LOADER = "$(TEST_HOST)";
				FRAMEWORK_SEARCH_PATHS = (
					"$(SDKROOT)/Developer/Library/Frameworks",
					"$(inherited)",
				);
				GCC_PREPROCESSOR_DEFINITIONS = (
					"DEBUG=1",
					"$(inherited)",
				);
				INFOPLIST_FILE = TipCalculatorTests/Info.plist;
				LD_RUNPATH_SEARCH_PATHS = "$(inherited) @executable_path/Frameworks @loader_path/Frameworks";
				PRODUCT_NAME = "$(TARGET_NAME)";
				TEST_HOST = "$(BUILT_PRODUCTS_DIR)/TipCalculator.app/TipCalculator";
			};
			name = Debug;
		};
		381AE72F1AF1C91700648E6F /* Release */ = {
			isa = XCBuildConfiguration;
			buildSettings = {
				BUNDLE_LOADER = "$(TEST_HOST)";
				FRAMEWORK_SEARCH_PATHS = (
					"$(SDKROOT)/Developer/Library/Frameworks",
					"$(inherited)",
				);
				INFOPLIST_FILE = TipCalculatorTests/Info.plist;
				LD_RUNPATH_SEARCH_PATHS = "$(inherited) @executable_path/Frameworks @loader_path/Frameworks";
				PRODUCT_NAME = "$(TARGET_NAME)";
				TEST_HOST = "$(BUILT_PRODUCTS_DIR)/TipCalculator.app/TipCalculator";
			};
			name = Release;
		};
/* End XCBuildConfiguration section */

/* Begin XCConfigurationList section */
		381AE7061AF1C91700648E6F /* Build configuration list for PBXProject "TipCalculator" */ = {
			isa = XCConfigurationList;
			buildConfigurations = (
				381AE7281AF1C91700648E6F /* Debug */,
				381AE7291AF1C91700648E6F /* Release */,
			);
			defaultConfigurationIsVisible = 0;
			defaultConfigurationName = Release;
		};
		381AE72A1AF1C91700648E6F /* Build configuration list for PBXNativeTarget "TipCalculator" */ = {
			isa = XCConfigurationList;
			buildConfigurations = (
				381AE72B1AF1C91700648E6F /* Debug */,
				381AE72C1AF1C91700648E6F /* Release */,
			);
			defaultConfigurationIsVisible = 0;
		};
		381AE72D1AF1C91700648E6F /* Build configuration list for PBXNativeTarget "TipCalculatorTests" */ = {
			isa = XCConfigurationList;
			buildConfigurations = (
				381AE72E1AF1C91700648E6F /* Debug */,
				381AE72F1AF1C91700648E6F /* Release */,
			);
			defaultConfigurationIsVisible = 0;
		};
/* End XCConfigurationList section */
	};
	rootObject = 381AE7031AF1C91700648E6F /* Project object */;
}
